
Microsoft Visual Studio Solution File, Format Version 12.00
# Visual Studio Version 17
VisualStudioVersion = 17.13.35919.96 d17.13
MinimumVisualStudioVersion = 10.0.40219.1
Project("{FAE04EC0-301F-11D3-BF4B-00C04F79EFBC}") = "Projeto_Ranking_de_Vendas", "Projeto_Ranking_de_Vendas\Projeto_Ranking_de_Vendas.csproj", "{3BADCE6E-841D-4F87-BAC7-72BA8258243B}"
EndProject
Global
	GlobalSection(SolutionConfigurationPlatforms) = preSolution
		Debug|Any CPU = Debug|Any CPU
		Release|Any CPU = Release|Any CPU
	EndGlobalSection
	GlobalSection(ProjectConfigurationPlatforms) = postSolution
		{3BADCE6E-841D-4F87-BAC7-72BA8258243B}.Debug|Any CPU.ActiveCfg = Debug|Any CPU
		{3BADCE6E-841D-4F87-BAC7-72BA8258243B}.Debug|Any CPU.Build.0 = Debug|Any CPU
		{3BADCE6E-841D-4F87-BAC7-72BA8258243B}.Release|Any CPU.ActiveCfg = Release|Any CPU
		{3BADCE6E-841D-4F87-BAC7-72BA8258243B}.Release|Any CPU.Build.0 = Release|Any CPU
	EndGlobalSection
	GlobalSection(SolutionProperties) = preSolution
		HideSolutionNode = FALSE
	EndGlobalSection
	GlobalSection(ExtensibilityGlobals) = postSolution
		SolutionGuid = {12FD1590-C28D-4F83-8A8D-7266D9D32801}
	EndGlobalSection
EndGlobal
